schema: '2.0'
stages:
  extract_dataset:
    cmd: python .\src\data\extract_dataset.py
    deps:
    - path: .\data\raw\zipped
      hash: md5
      md5: 2ac9e57fc0bc2d2a1a610a695529d479.dir
      size: 87295035
      nfiles: 2
    - path: .\src\data\extract_dataset.py
      hash: md5
      md5: e13ce767752277added5382c0f74dfe9
      size: 1711
    outs:
    - path: .\data\raw\extracted
      hash: md5
      md5: 07dcb976ec534725901d50758a399273.dir
      size: 271383386
      nfiles: 2
  make_dataset:
    cmd: python .\src\data\make_dataset.py train.csv
    deps:
    - path: .\data\raw\extracted\train.csv
      hash: md5
      md5: e59c291a4b1c640f1dab33b89daa22e1
      size: 200589097
    - path: .\src\data\make_dataset.py
      hash: md5
      md5: aaa025b6ebb5a66f10f0d3d7b5e82ea5
      size: 4054
    params:
      params.yaml:
        make_dataset.random_state: 10
        make_dataset.test_size: 0.1
    outs:
    - path: .\data\interim
      hash: md5
      md5: 10434c0e4cc72ad60cd9539dd4c60d64.dir
      size: 197004804
      nfiles: 2
  modify_features:
    cmd: python .\src\features\modify_features.py data/interim/train.csv data/interim/val.csv
      data/raw/extracted/test.csv
    deps:
    - path: .\data\interim\train.csv
      hash: md5
      md5: 041e592439dbf6480e907703f7872965
      size: 177303785
    - path: .\data\interim\val.csv
      hash: md5
      md5: bbfe1cb40da410e7e1e72fbb87caed0f
      size: 19701019
    - path: .\data\raw\extracted\test.csv
      hash: md5
      md5: 0686e4fc98617485dba9fdbabbf1c48d
      size: 70794289
    - path: .\src\features\modify_features.py
      hash: md5
      md5: 38f229d184ea4798de6d4314a7b62d97
      size: 9010
    outs:
    - path: .\data\processed\transformations
      hash: md5
      md5: 710f5fe93e9d6484ba1e36ced78503ea.dir
      size: 208192931
      nfiles: 3
  build_features:
    cmd: python .\src\features\build_features.py data/processed/transformations/train.csv
      data/processed/transformations/val.csv data/processed/transformations/test.csv
    deps:
    - path: .\data\processed\transformations\test.csv
      hash: md5
      md5: 2b77a8e04bfa86ff4e9e7f475c34f001
      size: 56394464
    - path: .\data\processed\transformations\train.csv
      hash: md5
      md5: cdebe270adb6bed6ba8d69d7bcb41036
      size: 136618551
    - path: .\data\processed\transformations\val.csv
      hash: md5
      md5: d8e9b0b2e576f7bd6bab51bb1d45dc80
      size: 15179916
    - path: .\src\features\build_features.py
      hash: md5
      md5: 72d6e05893eece88723b591b9ebbf870
      size: 2250
    outs:
    - path: .\data\processed\build-features
      hash: md5
      md5: 03c00a7256ccccbdd6d7fabc94703f44.dir
      size: 331246754
      nfiles: 3
  data_preprocessing:
    cmd: python .\src\features\data_preprocessing.py train.csv val.csv test.csv
    deps:
    - path: .\data\processed\build-features\test.csv
      hash: md5
      md5: 7f579e643d6352b7b311a5ba7062d2a8
      size: 93345469
    - path: .\data\processed\build-features\train.csv
      hash: md5
      md5: 8c17d113942b63ac117f2f20f1b6c80c
      size: 214111375
    - path: .\data\processed\build-features\val.csv
      hash: md5
      md5: 0f32c67c51b95f4fe3bcfcdd412a05e9
      size: 23789910
    - path: .\src\features\data_preprocessing.py
      hash: md5
      md5: 2ed70b5b69b8338b52999ac2ac2c761d
      size: 7538
    params:
      params.yaml:
        data_preprocessing.percentiles:
        - 0.002
        - 0.998
    outs:
    - path: .\data\processed\final
      hash: md5
      md5: 84c670f26cb318d5770ef672a52397cd.dir
      size: 351691850
      nfiles: 3
    - path: .\models\transformers
      hash: md5
      md5: a7ea7856a900b52fe34703554b9509d3.dir
      size: 6450
      nfiles: 3
  train_model:
    cmd: python .\src\models\train_model.py data/processed/final/train.csv
    deps:
    - path: .\data\processed\final\train.csv
      hash: md5
      md5: d0a0db1bd29799ead507c5cdea1b5b17
      size: 229192403
    - path: .\src\models\train_model.py
      hash: md5
      md5: 47c489d7e08f5c77f49626021aaf32c6
      size: 1978
    params:
      params.yaml:
        train_model.xgboost.learning_rate: 0.1
        train_model.xgboost.max_depth: 10
        train_model.xgboost.n_estimators: 100
        train_model.xgboost.n_jobs: -1
        train_model.xgboost.verbosity: 1
    outs:
    - path: .\models\models
      hash: md5
      md5: fb366c53eca2882b73ce67217875d3d8.dir
      size: 6447952
      nfiles: 1
  predict_model:
    cmd: python .\src\models\predict_model.py train.csv val.csv
    deps:
    - path: .\data\processed\final\val.csv
      hash: md5
      md5: e1d7af79aa56ee0bc6d411312349c3b2
      size: 25467168
    - path: .\models\models
      hash: md5
      md5: fb366c53eca2882b73ce67217875d3d8.dir
      size: 6447952
      nfiles: 1
    - path: .\src\models\predict_model.py
      hash: md5
      md5: 68a306a66135a0b75235694ec84cc000
      size: 1642
  plot_results:
    cmd: python .\src\visualization\plot_results.py train.csv val.csv
    deps:
    - path: .\data\processed\final\train.csv
      hash: md5
      md5: d0a0db1bd29799ead507c5cdea1b5b17
      size: 229192403
    - path: .\data\processed\final\val.csv
      hash: md5
      md5: e1d7af79aa56ee0bc6d411312349c3b2
      size: 25467168
    - path: .\models\models
      hash: md5
      md5: fb366c53eca2882b73ce67217875d3d8.dir
      size: 6447952
      nfiles: 1
    - path: .\src\visualization\plot_results.py
      hash: md5
      md5: cb8275ee7f88d5a3c05f8b09091437a8
      size: 2408
    outs:
    - path: .\plots\model_results\
      hash: md5
      md5: 377d081032df96af277b0e218dab49e0.dir
      size: 18854
      nfiles: 1
